
Microsoft Visual Studio Solution File, Format Version 12.00
Project("{FAE04EC0-301F-11D3-BF4B-00C04F79EFBC}") = "PhotoMap.Api", "PhotoMap.Api\PhotoMap.Api.csproj", "{F0484809-D2C2-435E-9A38-9A3B698E80A3}"
EndProject
Project("{FAE04EC0-301F-11D3-BF4B-00C04F79EFBC}") = "Yandex.Disk.Api.Client", "Yandex.Disk.Api.Client\Yandex.Disk.Api.Client.csproj", "{C28C1BDF-5F71-4CD7-B0B8-F06471D845CB}"
EndProject
Project("{FAE04EC0-301F-11D3-BF4B-00C04F79EFBC}") = "PhotoMap.Worker", "PhotoMap.Worker\PhotoMap.Worker.csproj", "{148A25C2-43D8-4334-A7E5-95367064DD15}"
EndProject
Project("{FAE04EC0-301F-11D3-BF4B-00C04F79EFBC}") = "PhotoMap.Messaging", "PhotoMap.Messaging\PhotoMap.Messaging.csproj", "{CFFCF9E8-1B3D-4BDF-A682-79E33A577DDC}"
EndProject
Project("{FAE04EC0-301F-11D3-BF4B-00C04F79EFBC}") = "PhotoMap.Common", "PhotoMap.Common\PhotoMap.Common.csproj", "{E97CEA02-8507-4CA7-AD7E-130CF5C0DBDE}"
EndProject
Global
	GlobalSection(SolutionConfigurationPlatforms) = preSolution
		Debug|Any CPU = Debug|Any CPU
		Release|Any CPU = Release|Any CPU
	EndGlobalSection
	GlobalSection(ProjectConfigurationPlatforms) = postSolution
		{F0484809-D2C2-435E-9A38-9A3B698E80A3}.Debug|Any CPU.ActiveCfg = Debug|Any CPU
		{F0484809-D2C2-435E-9A38-9A3B698E80A3}.Debug|Any CPU.Build.0 = Debug|Any CPU
		{F0484809-D2C2-435E-9A38-9A3B698E80A3}.Release|Any CPU.ActiveCfg = Release|Any CPU
		{F0484809-D2C2-435E-9A38-9A3B698E80A3}.Release|Any CPU.Build.0 = Release|Any CPU
		{C28C1BDF-5F71-4CD7-B0B8-F06471D845CB}.Debug|Any CPU.ActiveCfg = Debug|Any CPU
		{C28C1BDF-5F71-4CD7-B0B8-F06471D845CB}.Debug|Any CPU.Build.0 = Debug|Any CPU
		{C28C1BDF-5F71-4CD7-B0B8-F06471D845CB}.Release|Any CPU.ActiveCfg = Release|Any CPU
		{C28C1BDF-5F71-4CD7-B0B8-F06471D845CB}.Release|Any CPU.Build.0 = Release|Any CPU
		{148A25C2-43D8-4334-A7E5-95367064DD15}.Debug|Any CPU.ActiveCfg = Debug|Any CPU
		{148A25C2-43D8-4334-A7E5-95367064DD15}.Debug|Any CPU.Build.0 = Debug|Any CPU
		{148A25C2-43D8-4334-A7E5-95367064DD15}.Release|Any CPU.ActiveCfg = Release|Any CPU
		{148A25C2-43D8-4334-A7E5-95367064DD15}.Release|Any CPU.Build.0 = Release|Any CPU
		{CFFCF9E8-1B3D-4BDF-A682-79E33A577DDC}.Debug|Any CPU.ActiveCfg = Debug|Any CPU
		{CFFCF9E8-1B3D-4BDF-A682-79E33A577DDC}.Debug|Any CPU.Build.0 = Debug|Any CPU
		{CFFCF9E8-1B3D-4BDF-A682-79E33A577DDC}.Release|Any CPU.ActiveCfg = Release|Any CPU
		{CFFCF9E8-1B3D-4BDF-A682-79E33A577DDC}.Release|Any CPU.Build.0 = Release|Any CPU
		{E97CEA02-8507-4CA7-AD7E-130CF5C0DBDE}.Debug|Any CPU.ActiveCfg = Debug|Any CPU
		{E97CEA02-8507-4CA7-AD7E-130CF5C0DBDE}.Debug|Any CPU.Build.0 = Debug|Any CPU
		{E97CEA02-8507-4CA7-AD7E-130CF5C0DBDE}.Release|Any CPU.ActiveCfg = Release|Any CPU
		{E97CEA02-8507-4CA7-AD7E-130CF5C0DBDE}.Release|Any CPU.Build.0 = Release|Any CPU
	EndGlobalSection
EndGlobal
