
Microsoft Visual Studio Solution File, Format Version 12.00
Project("{FAE04EC0-301F-11D3-BF4B-00C04F79EFBC}") = "PhotoMap.Api", "PhotoMap.Api\PhotoMap.Api.csproj", "{F0484809-D2C2-435E-9A38-9A3B698E80A3}"
EndProject
Project("{FAE04EC0-301F-11D3-BF4B-00C04F79EFBC}") = "Yandex.Disk.Api.Client", "Yandex.Disk.Api.Client\Yandex.Disk.Api.Client.csproj", "{C28C1BDF-5F71-4CD7-B0B8-F06471D845CB}"
EndProject
Project("{FAE04EC0-301F-11D3-BF4B-00C04F79EFBC}") = "Yandex.Disk.Service.Api", "Yandex.Disk.Service.Api\Yandex.Disk.Service.Api.csproj", "{72DD9078-1082-4D40-BD26-988B74252E46}"
EndProject
Project("{FAE04EC0-301F-11D3-BF4B-00C04F79EFBC}") = "Storage.Service.Api", "Storage.Service.Api\Storage.Service.Api.csproj", "{D927ADCE-8B80-4D4B-9F03-7F414759E764}"
EndProject
Project("{FAE04EC0-301F-11D3-BF4B-00C04F79EFBC}") = "Image.Service.Api", "Image.Service.Api\Image.Service.Api.csproj", "{9BA86E1F-222C-4F74-ACD8-995939F003B5}"
EndProject
Project("{FAE04EC0-301F-11D3-BF4B-00C04F79EFBC}") = "GraphicsLibrary", "GraphicsLibrary\GraphicsLibrary.csproj", "{8FC0C7E9-8394-4975-B7CC-0E5911664A3D}"
EndProject
Global
	GlobalSection(SolutionConfigurationPlatforms) = preSolution
		Debug|Any CPU = Debug|Any CPU
		Release|Any CPU = Release|Any CPU
	EndGlobalSection
	GlobalSection(ProjectConfigurationPlatforms) = postSolution
		{F0484809-D2C2-435E-9A38-9A3B698E80A3}.Debug|Any CPU.ActiveCfg = Debug|Any CPU
		{F0484809-D2C2-435E-9A38-9A3B698E80A3}.Debug|Any CPU.Build.0 = Debug|Any CPU
		{F0484809-D2C2-435E-9A38-9A3B698E80A3}.Release|Any CPU.ActiveCfg = Release|Any CPU
		{F0484809-D2C2-435E-9A38-9A3B698E80A3}.Release|Any CPU.Build.0 = Release|Any CPU
		{C28C1BDF-5F71-4CD7-B0B8-F06471D845CB}.Debug|Any CPU.ActiveCfg = Debug|Any CPU
		{C28C1BDF-5F71-4CD7-B0B8-F06471D845CB}.Debug|Any CPU.Build.0 = Debug|Any CPU
		{C28C1BDF-5F71-4CD7-B0B8-F06471D845CB}.Release|Any CPU.ActiveCfg = Release|Any CPU
		{C28C1BDF-5F71-4CD7-B0B8-F06471D845CB}.Release|Any CPU.Build.0 = Release|Any CPU
		{72DD9078-1082-4D40-BD26-988B74252E46}.Debug|Any CPU.ActiveCfg = Debug|Any CPU
		{72DD9078-1082-4D40-BD26-988B74252E46}.Debug|Any CPU.Build.0 = Debug|Any CPU
		{72DD9078-1082-4D40-BD26-988B74252E46}.Release|Any CPU.ActiveCfg = Release|Any CPU
		{72DD9078-1082-4D40-BD26-988B74252E46}.Release|Any CPU.Build.0 = Release|Any CPU
		{D927ADCE-8B80-4D4B-9F03-7F414759E764}.Debug|Any CPU.ActiveCfg = Debug|Any CPU
		{D927ADCE-8B80-4D4B-9F03-7F414759E764}.Debug|Any CPU.Build.0 = Debug|Any CPU
		{D927ADCE-8B80-4D4B-9F03-7F414759E764}.Release|Any CPU.ActiveCfg = Release|Any CPU
		{D927ADCE-8B80-4D4B-9F03-7F414759E764}.Release|Any CPU.Build.0 = Release|Any CPU
		{9BA86E1F-222C-4F74-ACD8-995939F003B5}.Debug|Any CPU.ActiveCfg = Debug|Any CPU
		{9BA86E1F-222C-4F74-ACD8-995939F003B5}.Debug|Any CPU.Build.0 = Debug|Any CPU
		{9BA86E1F-222C-4F74-ACD8-995939F003B5}.Release|Any CPU.ActiveCfg = Release|Any CPU
		{9BA86E1F-222C-4F74-ACD8-995939F003B5}.Release|Any CPU.Build.0 = Release|Any CPU
		{8FC0C7E9-8394-4975-B7CC-0E5911664A3D}.Debug|Any CPU.ActiveCfg = Debug|Any CPU
		{8FC0C7E9-8394-4975-B7CC-0E5911664A3D}.Debug|Any CPU.Build.0 = Debug|Any CPU
		{8FC0C7E9-8394-4975-B7CC-0E5911664A3D}.Release|Any CPU.ActiveCfg = Release|Any CPU
		{8FC0C7E9-8394-4975-B7CC-0E5911664A3D}.Release|Any CPU.Build.0 = Release|Any CPU
	EndGlobalSection
EndGlobal
